
Microsoft Visual Studio Solution File, Format Version 12.00
# Visual Studio 15
VisualStudioVersion = 15.0.28010.2046
MinimumVisualStudioVersion = 10.0.40219.1
Project("{FAE04EC0-301F-11D3-BF4B-00C04F79EFBC}") = "DemoVersiones", "DemoVersiones\DemoVersiones.csproj", "{628C3F37-1475-40B1-A05C-0D52315831E6}"
EndProject
Global
	GlobalSection(SolutionConfigurationPlatforms) = preSolution
		Debug|Any CPU = Debug|Any CPU
		Release|Any CPU = Release|Any CPU
	EndGlobalSection
	GlobalSection(ProjectConfigurationPlatforms) = postSolution
		{628C3F37-1475-40B1-A05C-0D52315831E6}.Debug|Any CPU.ActiveCfg = Debug|Any CPU
		{628C3F37-1475-40B1-A05C-0D52315831E6}.Debug|Any CPU.Build.0 = Debug|Any CPU
		{628C3F37-1475-40B1-A05C-0D52315831E6}.Release|Any CPU.ActiveCfg = Release|Any CPU
		{628C3F37-1475-40B1-A05C-0D52315831E6}.Release|Any CPU.Build.0 = Release|Any CPU
	EndGlobalSection
	GlobalSection(SolutionProperties) = preSolution
		HideSolutionNode = FALSE
	EndGlobalSection
	GlobalSection(ExtensibilityGlobals) = postSolution
		SolutionGuid = {56316F64-AF4D-4F2C-8617-AAE573D7A921}
	EndGlobalSection
EndGlobal
